// !$*UTF8*$!
{
	archiveVersion = 1;
	classes = {
	};
	objectVersion = 46;
	objects = {

/* Begin PBXBuildFile section */
		84FBCBDD1D40CFC5008FCD36 /* main.swift in Sources */ = {isa = PBXBuildFile; fileRef = 84FBCBDC1D40CFC5008FCD36 /* main.swift */; };
		84FBCBE91D40D818008FCD36 /* FastaParser.swift in Sources */ = {isa = PBXBuildFile; fileRef = 84FBCBE81D40D818008FCD36 /* FastaParser.swift */; };
		84FBCBEC1D40D839008FCD36 /* GCContentCalc.swift in Sources */ = {isa = PBXBuildFile; fileRef = 84FBCBEB1D40D839008FCD36 /* GCContentCalc.swift */; };
		84FBCBEE1D40F392008FCD36 /* GCCTrainer.swift in Sources */ = {isa = PBXBuildFile; fileRef = 84FBCBED1D40F392008FCD36 /* GCCTrainer.swift */; };
/* End PBXBuildFile section */

/* Begin PBXCopyFilesBuildPhase section */
		84FBCBD71D40CFC5008FCD36 /* CopyFiles */ = {
			isa = PBXCopyFilesBuildPhase;
			buildActionMask = 2147483647;
			dstPath = /usr/share/man/man1/;
			dstSubfolderSpec = 0;
			files = (
			);
			runOnlyForDeploymentPostprocessing = 1;
		};
/* End PBXCopyFilesBuildPhase section */

/* Begin PBXFileReference section */
		84FBCBD91D40CFC5008FCD36 /* X2 */ = {isa = PBXFileReference; explicitFileType = "compiled.mach-o.executable"; includeInIndex = 0; path = X2; sourceTree = BUILT_PRODUCTS_DIR; };
		84FBCBDC1D40CFC5008FCD36 /* main.swift */ = {isa = PBXFileReference; lastKnownFileType = sourcecode.swift; path = main.swift; sourceTree = "<group>"; };
		84FBCBE71D40D097008FCD36 /* reads.fa */ = {isa = PBXFileReference; fileEncoding = 4; lastKnownFileType = text; path = reads.fa; sourceTree = SOURCE_ROOT; };
		84FBCBE81D40D818008FCD36 /* FastaParser.swift */ = {isa = PBXFileReference; fileEncoding = 4; lastKnownFileType = sourcecode.swift; name = FastaParser.swift; path = ../../BioInfX1/BioInfFirstTask/FastaParser.swift; sourceTree = "<group>"; };
		84FBCBEB1D40D839008FCD36 /* GCContentCalc.swift */ = {isa = PBXFileReference; fileEncoding = 4; lastKnownFileType = sourcecode.swift; name = GCContentCalc.swift; path = ../../BioInfX1/BioInfFirstTask/GCContentCalc.swift; sourceTree = "<group>"; };
		84FBCBED1D40F392008FCD36 /* GCCTrainer.swift */ = {isa = PBXFileReference; fileEncoding = 4; lastKnownFileType = sourcecode.swift; path = GCCTrainer.swift; sourceTree = "<group>"; };
/* End PBXFileReference section */

/* Begin PBXFrameworksBuildPhase section */
		84FBCBD61D40CFC5008FCD36 /* Frameworks */ = {
			isa = PBXFrameworksBuildPhase;
			buildActionMask = 2147483647;
			files = (
			);
			runOnlyForDeploymentPostprocessing = 0;
		};
/* End PBXFrameworksBuildPhase section */

/* Begin PBXGroup section */
		84FBCBD01D40CFC5008FCD36 = {
			isa = PBXGroup;
			children = (
				84FBCBDB1D40CFC5008FCD36 /* X2 */,
				84FBCBDA1D40CFC5008FCD36 /* Products */,
			);
			sourceTree = "<group>";
		};
		84FBCBDA1D40CFC5008FCD36 /* Products */ = {
			isa = PBXGroup;
			children = (
				84FBCBD91D40CFC5008FCD36 /* X2 */,
			);
			name = Products;
			sourceTree = "<group>";
		};
		84FBCBDB1D40CFC5008FCD36 /* X2 */ = {
			isa = PBXGroup;
			children = (
				84FBCBEA1D40D81D008FCD36 /* GCC */,
				84FBCBE61D40D088008FCD36 /* Resources */,
				84FBCBE51D40D070008FCD36 /* FastaParser */,
				84FBCBDC1D40CFC5008FCD36 /* main.swift */,
			);
			path = X2;
			sourceTree = "<group>";
		};
		84FBCBE51D40D070008FCD36 /* FastaParser */ = {
			isa = PBXGroup;
			children = (
				84FBCBE81D40D818008FCD36 /* FastaParser.swift */,
			);
			name = FastaParser;
			sourceTree = "<group>";
		};
		84FBCBE61D40D088008FCD36 /* Resources */ = {
			isa = PBXGroup;
			children = (
				84FBCBE71D40D097008FCD36 /* reads.fa */,
			);
			name = Resources;
			sourceTree = "<group>";
		};
		84FBCBEA1D40D81D008FCD36 /* GCC */ = {
			isa = PBXGroup;
			children = (
				84FBCBEB1D40D839008FCD36 /* GCContentCalc.swift */,
				84FBCBED1D40F392008FCD36 /* GCCTrainer.swift */,
			);
			name = GCC;
			sourceTree = "<group>";
		};
/* End PBXGroup section */

/* Begin PBXNativeTarget section */
		84FBCBD81D40CFC5008FCD36 /* X2 */ = {
			isa = PBXNativeTarget;
			buildConfigurationList = 84FBCBE01D40CFC5008FCD36 /* Build configuration list for PBXNativeTarget "X2" */;
			buildPhases = (
				84FBCBD51D40CFC5008FCD36 /* Sources */,
				84FBCBD61D40CFC5008FCD36 /* Frameworks */,
				84FBCBD71D40CFC5008FCD36 /* CopyFiles */,
			);
			buildRules = (
			);
			dependencies = (
			);
			name = X2;
			productName = X2;
			productReference = 84FBCBD91D40CFC5008FCD36 /* X2 */;
			productType = "com.apple.product-type.tool";
		};
/* End PBXNativeTarget section */

/* Begin PBXProject section */
		84FBCBD11D40CFC5008FCD36 /* Project object */ = {
			isa = PBXProject;
			attributes = {
				LastSwiftUpdateCheck = 0730;
				LastUpgradeCheck = 0730;
				ORGANIZATIONNAME = Stepan;
				TargetAttributes = {
					84FBCBD81D40CFC5008FCD36 = {
						CreatedOnToolsVersion = 7.3.1;
					};
				};
			};
			buildConfigurationList = 84FBCBD41D40CFC5008FCD36 /* Build configuration list for PBXProject "X2" */;
			compatibilityVersion = "Xcode 3.2";
			developmentRegion = English;
			hasScannedForEncodings = 0;
			knownRegions = (
				en,
			);
			mainGroup = 84FBCBD01D40CFC5008FCD36;
			productRefGroup = 84FBCBDA1D40CFC5008FCD36 /* Products */;
			projectDirPath = "";
			projectRoot = "";
			targets = (
				84FBCBD81D40CFC5008FCD36 /* X2 */,
			);
		};
/* End PBXProject section */

/* Begin PBXSourcesBuildPhase section */
		84FBCBD51D40CFC5008FCD36 /* Sources */ = {
			isa = PBXSourcesBuildPhase;
			buildActionMask = 2147483647;
			files = (
				84FBCBEC1D40D839008FCD36 /* GCContentCalc.swift in Sources */,
				84FBCBEE1D40F392008FCD36 /* GCCTrainer.swift in Sources */,
				84FBCBE91D40D818008FCD36 /* FastaParser.swift in Sources */,
				84FBCBDD1D40CFC5008FCD36 /* main.swift in Sources */,
			);
			runOnlyForDeploymentPostprocessing = 0;
		};
/* End PBXSourcesBuildPhase section */

/* Begin XCBuildConfiguration section */
		84FBCBDE1D40CFC5008FCD36 /* Debug */ = {
			isa = XCBuildConfiguration;
			buildSettings = {
				ALWAYS_SEARCH_USER_PATHS = NO;
				CLANG_ANALYZER_NONNULL = YES;
				CLANG_CXX_LANGUAGE_STANDARD = "gnu++0x";
				CLANG_CXX_LIBRARY = "libc++";
				CLANG_ENABLE_MODULES = YES;
				CLANG_ENABLE_OBJC_ARC = YES;
				CLANG_WARN_BOOL_CONVERSION = YES;
				CLANG_WARN_CONSTANT_CONVERSION = YES;
				CLANG_WARN_DIRECT_OBJC_ISA_USAGE = YES_ERROR;
				CLANG_WARN_EMPTY_BODY = YES;
				CLANG_WARN_ENUM_CONVERSION = YES;
				CLANG_WARN_INT_CONVERSION = YES;
				CLANG_WARN_OBJC_ROOT_CLASS = YES_ERROR;
				CLANG_WARN_UNREACHABLE_CODE = YES;
				CLANG_WARN__DUPLICATE_METHOD_MATCH = YES;
				CODE_SIGN_IDENTITY = "-";
				COPY_PHASE_STRIP = NO;
				DEBUG_INFORMATION_FORMAT = dwarf;
				ENABLE_STRICT_OBJC_MSGSEND = YES;
				ENABLE_TESTABILITY = YES;
				GCC_C_LANGUAGE_STANDARD = gnu99;
				GCC_DYNAMIC_NO_PIC = NO;
				GCC_NO_COMMON_BLOCKS = YES;
				GCC_OPTIMIZATION_LEVEL = 0;
				GCC_PREPROCESSOR_DEFINITIONS = (
					"DEBUG=1",
					"$(inherited)",
				);
				GCC_WARN_64_TO_32_BIT_CONVERSION = YES;
				GCC_WARN_ABOUT_RETURN_TYPE = YES_ERROR;
				GCC_WARN_UNDECLARED_SELECTOR = YES;
				GCC_WARN_UNINITIALIZED_AUTOS = YES_AGGRESSIVE;
				GCC_WARN_UNUSED_FUNCTION = YES;
				GCC_WARN_UNUSED_VARIABLE = YES;
				MACOSX_DEPLOYMENT_TARGET = 10.11;
				MTL_ENABLE_DEBUG_INFO = YES;
				ONLY_ACTIVE_ARCH = YES;
				SDKROOT = macosx;
				SWIFT_OPTIMIZATION_LEVEL = "-Onone";
			};
			name = Debug;
		};
		84FBCBDF1D40CFC5008FCD36 /* Release */ = {
			isa = XCBuildConfiguration;
			buildSettings = {
				ALWAYS_SEARCH_USER_PATHS = NO;
				CLANG_ANALYZER_NONNULL = YES;
				CLANG_CXX_LANGUAGE_STANDARD = "gnu++0x";
				CLANG_CXX_LIBRARY = "libc++";
				CLANG_ENABLE_MODULES = YES;
				CLANG_ENABLE_OBJC_ARC = YES;
				CLANG_WARN_BOOL_CONVERSION = YES;
				CLANG_WARN_CONSTANT_CONVERSION = YES;
				CLANG_WARN_DIRECT_OBJC_ISA_USAGE = YES_ERROR;
				CLANG_WARN_EMPTY_BODY = YES;
				CLANG_WARN_ENUM_CONVERSION = YES;
				CLANG_WARN_INT_CONVERSION = YES;
				CLANG_WARN_OBJC_ROOT_CLASS = YES_ERROR;
				CLANG_WARN_UNREACHABLE_CODE = YES;
				CLANG_WARN__DUPLICATE_METHOD_MATCH = YES;
				CODE_SIGN_IDENTITY = "-";
				COPY_PHASE_STRIP = NO;
				DEBUG_INFORMATION_FORMAT = "dwarf-with-dsym";
				ENABLE_NS_ASSERTIONS = NO;
				ENABLE_STRICT_OBJC_MSGSEND = YES;
				GCC_C_LANGUAGE_STANDARD = gnu99;
				GCC_NO_COMMON_BLOCKS = YES;
				GCC_WARN_64_TO_32_BIT_CONVERSION = YES;
				GCC_WARN_ABOUT_RETURN_TYPE = YES_ERROR;
				GCC_WARN_UNDECLARED_SELECTOR = YES;
				GCC_WARN_UNINITIALIZED_AUTOS = YES_AGGRESSIVE;
				GCC_WARN_UNUSED_FUNCTION = YES;
				GCC_WARN_UNUSED_VARIABLE = YES;
				MACOSX_DEPLOYMENT_TARGET = 10.11;
				MTL_ENABLE_DEBUG_INFO = NO;
				SDKROOT = macosx;
			};
			name = Release;
		};
		84FBCBE11D40CFC5008FCD36 /* Debug */ = {
			isa = XCBuildConfiguration;
			buildSettings = {
				PRODUCT_NAME = "$(TARGET_NAME)";
			};
			name = Debug;
		};
		84FBCBE21D40CFC5008FCD36 /* Release */ = {
			isa = XCBuildConfiguration;
			buildSettings = {
				PRODUCT_NAME = "$(TARGET_NAME)";
			};
			name = Release;
		};
/* End XCBuildConfiguration section */

/* Begin XCConfigurationList section */
		84FBCBD41D40CFC5008FCD36 /* Build configuration list for PBXProject "X2" */ = {
			isa = XCConfigurationList;
			buildConfigurations = (
				84FBCBDE1D40CFC5008FCD36 /* Debug */,
				84FBCBDF1D40CFC5008FCD36 /* Release */,
			);
			defaultConfigurationIsVisible = 0;
			defaultConfigurationName = Release;
		};
		84FBCBE01D40CFC5008FCD36 /* Build configuration list for PBXNativeTarget "X2" */ = {
			isa = XCConfigurationList;
			buildConfigurations = (
				84FBCBE11D40CFC5008FCD36 /* Debug */,
				84FBCBE21D40CFC5008FCD36 /* Release */,
			);
			defaultConfigurationIsVisible = 0;
			defaultConfigurationName = Release;
		};
/* End XCConfigurationList section */
	};
	rootObject = 84FBCBD11D40CFC5008FCD36 /* Project object */;
}
